// !$*UTF8*$!
{
	archiveVersion = 1;
	classes = {
	};
	objectVersion = 56;
	objects = {

/* Begin PBXBuildFile section */
		C393EC752A79294800CD5B67 /* ALM_APP_Dem0App.swift in Sources */ = {isa = PBXBuildFile; fileRef = C393EC742A79294800CD5B67 /* ALM_APP_Dem0App.swift */; };
		C393EC772A79294800CD5B67 /* ContentView.swift in Sources */ = {isa = PBXBuildFile; fileRef = C393EC762A79294800CD5B67 /* ContentView.swift */; };
		C393EC792A79294C00CD5B67 /* Assets.xcassets in Resources */ = {isa = PBXBuildFile; fileRef = C393EC782A79294C00CD5B67 /* Assets.xcassets */; };
		C393EC7C2A79294C00CD5B67 /* Preview Assets.xcassets in Resources */ = {isa = PBXBuildFile; fileRef = C393EC7B2A79294C00CD5B67 /* Preview Assets.xcassets */; };
		C393EC862A79294D00CD5B67 /* ALM_APP_Dem0Tests.swift in Sources */ = {isa = PBXBuildFile; fileRef = C393EC852A79294D00CD5B67 /* ALM_APP_Dem0Tests.swift */; };
		C393EC902A79294D00CD5B67 /* ALM_APP_Dem0UITests.swift in Sources */ = {isa = PBXBuildFile; fileRef = C393EC8F2A79294D00CD5B67 /* ALM_APP_Dem0UITests.swift */; };
		C393EC922A79294D00CD5B67 /* ALM_APP_Dem0UITestsLaunchTests.swift in Sources */ = {isa = PBXBuildFile; fileRef = C393EC912A79294D00CD5B67 /* ALM_APP_Dem0UITestsLaunchTests.swift */; };
/* End PBXBuildFile section */

/* Begin PBXContainerItemProxy section */
		C393EC822A79294D00CD5B67 /* PBXContainerItemProxy */ = {
			isa = PBXContainerItemProxy;
			containerPortal = C393EC692A79294800CD5B67 /* Project object */;
			proxyType = 1;
			remoteGlobalIDString = C393EC702A79294800CD5B67;
			remoteInfo = "ALM APP Dem0";
		};
		C393EC8C2A79294D00CD5B67 /* PBXContainerItemProxy */ = {
			isa = PBXContainerItemProxy;
			containerPortal = C393EC692A79294800CD5B67 /* Project object */;
			proxyType = 1;
			remoteGlobalIDString = C393EC702A79294800CD5B67;
			remoteInfo = "ALM APP Dem0";
		};
/* End PBXContainerItemProxy section */

/* Begin PBXFileReference section */
		C393EC712A79294800CD5B67 /* ALM APP Dem0.app */ = {isa = PBXFileReference; explicitFileType = wrapper.application; includeInIndex = 0; path = "ALM APP Dem0.app"; sourceTree = BUILT_PRODUCTS_DIR; };
		C393EC742A79294800CD5B67 /* ALM_APP_Dem0App.swift */ = {isa = PBXFileReference; lastKnownFileType = sourcecode.swift; path = ALM_APP_Dem0App.swift; sourceTree = "<group>"; };
		C393EC762A79294800CD5B67 /* ContentView.swift */ = {isa = PBXFileReference; lastKnownFileType = sourcecode.swift; path = ContentView.swift; sourceTree = "<group>"; };
		C393EC782A79294C00CD5B67 /* Assets.xcassets */ = {isa = PBXFileReference; lastKnownFileType = folder.assetcatalog; path = Assets.xcassets; sourceTree = "<group>"; };
		C393EC7B2A79294C00CD5B67 /* Preview Assets.xcassets */ = {isa = PBXFileReference; lastKnownFileType = folder.assetcatalog; path = "Preview Assets.xcassets"; sourceTree = "<group>"; };
		C393EC812A79294D00CD5B67 /* ALM APP Dem0Tests.xctest */ = {isa = PBXFileReference; explicitFileType = wrapper.cfbundle; includeInIndex = 0; path = "ALM APP Dem0Tests.xctest"; sourceTree = BUILT_PRODUCTS_DIR; };
		C393EC852A79294D00CD5B67 /* ALM_APP_Dem0Tests.swift */ = {isa = PBXFileReference; lastKnownFileType = sourcecode.swift; path = ALM_APP_Dem0Tests.swift; sourceTree = "<group>"; };
		C393EC8B2A79294D00CD5B67 /* ALM APP Dem0UITests.xctest */ = {isa = PBXFileReference; explicitFileType = wrapper.cfbundle; includeInIndex = 0; path = "ALM APP Dem0UITests.xctest"; sourceTree = BUILT_PRODUCTS_DIR; };
		C393EC8F2A79294D00CD5B67 /* ALM_APP_Dem0UITests.swift */ = {isa = PBXFileReference; lastKnownFileType = sourcecode.swift; path = ALM_APP_Dem0UITests.swift; sourceTree = "<group>"; };
		C393EC912A79294D00CD5B67 /* ALM_APP_Dem0UITestsLaunchTests.swift */ = {isa = PBXFileReference; lastKnownFileType = sourcecode.swift; path = ALM_APP_Dem0UITestsLaunchTests.swift; sourceTree = "<group>"; };
/* End PBXFileReference section */

/* Begin PBXFrameworksBuildPhase section */
		C393EC6E2A79294800CD5B67 /* Frameworks */ = {
			isa = PBXFrameworksBuildPhase;
			buildActionMask = 2147483647;
			files = (
			);
			runOnlyForDeploymentPostprocessing = 0;
		};
		C393EC7E2A79294D00CD5B67 /* Frameworks */ = {
			isa = PBXFrameworksBuildPhase;
			buildActionMask = 2147483647;
			files = (
			);
			runOnlyForDeploymentPostprocessing = 0;
		};
		C393EC882A79294D00CD5B67 /* Frameworks */ = {
			isa = PBXFrameworksBuildPhase;
			buildActionMask = 2147483647;
			files = (
			);
			runOnlyForDeploymentPostprocessing = 0;
		};
/* End PBXFrameworksBuildPhase section */

/* Begin PBXGroup section */
		C393EC682A79294800CD5B67 = {
			isa = PBXGroup;
			children = (
				C393EC732A79294800CD5B67 /* ALM APP Dem0 */,
				C393EC842A79294D00CD5B67 /* ALM APP Dem0Tests */,
				C393EC8E2A79294D00CD5B67 /* ALM APP Dem0UITests */,
				C393EC722A79294800CD5B67 /* Products */,
			);
			sourceTree = "<group>";
		};
		C393EC722A79294800CD5B67 /* Products */ = {
			isa = PBXGroup;
			children = (
				C393EC712A79294800CD5B67 /* ALM APP Dem0.app */,
				C393EC812A79294D00CD5B67 /* ALM APP Dem0Tests.xctest */,
				C393EC8B2A79294D00CD5B67 /* ALM APP Dem0UITests.xctest */,
			);
			name = Products;
			sourceTree = "<group>";
		};
		C393EC732A79294800CD5B67 /* ALM APP Dem0 */ = {
			isa = PBXGroup;
			children = (
				C393EC742A79294800CD5B67 /* ALM_APP_Dem0App.swift */,
				C393EC762A79294800CD5B67 /* ContentView.swift */,
				C393EC782A79294C00CD5B67 /* Assets.xcassets */,
				C393EC7A2A79294C00CD5B67 /* Preview Content */,
			);
			path = "ALM APP Dem0";
			sourceTree = "<group>";
		};
		C393EC7A2A79294C00CD5B67 /* Preview Content */ = {
			isa = PBXGroup;
			children = (
				C393EC7B2A79294C00CD5B67 /* Preview Assets.xcassets */,
			);
			path = "Preview Content";
			sourceTree = "<group>";
		};
		C393EC842A79294D00CD5B67 /* ALM APP Dem0Tests */ = {
			isa = PBXGroup;
			children = (
				C393EC852A79294D00CD5B67 /* ALM_APP_Dem0Tests.swift */,
			);
			path = "ALM APP Dem0Tests";
			sourceTree = "<group>";
		};
		C393EC8E2A79294D00CD5B67 /* ALM APP Dem0UITests */ = {
			isa = PBXGroup;
			children = (
				C393EC8F2A79294D00CD5B67 /* ALM_APP_Dem0UITests.swift */,
				C393EC912A79294D00CD5B67 /* ALM_APP_Dem0UITestsLaunchTests.swift */,
			);
			path = "ALM APP Dem0UITests";
			sourceTree = "<group>";
		};
/* End PBXGroup section */

/* Begin PBXNativeTarget section */
		C393EC702A79294800CD5B67 /* ALM APP Dem0 */ = {
			isa = PBXNativeTarget;
			buildConfigurationList = C393EC952A79294D00CD5B67 /* Build configuration list for PBXNativeTarget "ALM APP Dem0" */;
			buildPhases = (
				C393EC6D2A79294800CD5B67 /* Sources */,
				C393EC6E2A79294800CD5B67 /* Frameworks */,
				C393EC6F2A79294800CD5B67 /* Resources */,
			);
			buildRules = (
			);
			dependencies = (
			);
			name = "ALM APP Dem0";
			productName = "ALM APP Dem0";
			productReference = C393EC712A79294800CD5B67 /* ALM APP Dem0.app */;
			productType = "com.apple.product-type.application";
		};
		C393EC802A79294D00CD5B67 /* ALM APP Dem0Tests */ = {
			isa = PBXNativeTarget;
			buildConfigurationList = C393EC982A79294D00CD5B67 /* Build configuration list for PBXNativeTarget "ALM APP Dem0Tests" */;
			buildPhases = (
				C393EC7D2A79294D00CD5B67 /* Sources */,
				C393EC7E2A79294D00CD5B67 /* Frameworks */,
				C393EC7F2A79294D00CD5B67 /* Resources */,
			);
			buildRules = (
			);
			dependencies = (
				C393EC832A79294D00CD5B67 /* PBXTargetDependency */,
			);
			name = "ALM APP Dem0Tests";
			productName = "ALM APP Dem0Tests";
			productReference = C393EC812A79294D00CD5B67 /* ALM APP Dem0Tests.xctest */;
			productType = "com.apple.product-type.bundle.unit-test";
		};
		C393EC8A2A79294D00CD5B67 /* ALM APP Dem0UITests */ = {
			isa = PBXNativeTarget;
			buildConfigurationList = C393EC9B2A79294D00CD5B67 /* Build configuration list for PBXNativeTarget "ALM APP Dem0UITests" */;
			buildPhases = (
				C393EC872A79294D00CD5B67 /* Sources */,
				C393EC882A79294D00CD5B67 /* Frameworks */,
				C393EC892A79294D00CD5B67 /* Resources */,
			);
			buildRules = (
			);
			dependencies = (
				C393EC8D2A79294D00CD5B67 /* PBXTargetDependency */,
			);
			name = "ALM APP Dem0UITests";
			productName = "ALM APP Dem0UITests";
			productReference = C393EC8B2A79294D00CD5B67 /* ALM APP Dem0UITests.xctest */;
			productType = "com.apple.product-type.bundle.ui-testing";
		};
/* End PBXNativeTarget section */

/* Begin PBXProject section */
		C393EC692A79294800CD5B67 /* Project object */ = {
			isa = PBXProject;
			attributes = {
				BuildIndependentTargetsInParallel = 1;
				LastSwiftUpdateCheck = 1430;
				LastUpgradeCheck = 1430;
				TargetAttributes = {
					C393EC702A79294800CD5B67 = {
						CreatedOnToolsVersion = 14.3.1;
					};
					C393EC802A79294D00CD5B67 = {
						CreatedOnToolsVersion = 14.3.1;
						TestTargetID = C393EC702A79294800CD5B67;
					};
					C393EC8A2A79294D00CD5B67 = {
						CreatedOnToolsVersion = 14.3.1;
						TestTargetID = C393EC702A79294800CD5B67;
					};
				};
			};
			buildConfigurationList = C393EC6C2A79294800CD5B67 /* Build configuration list for PBXProject "ALM APP Dem0" */;
			compatibilityVersion = "Xcode 14.0";
			developmentRegion = en;
			hasScannedForEncodings = 0;
			knownRegions = (
				en,
				Base,
			);
			mainGroup = C393EC682A79294800CD5B67;
			productRefGroup = C393EC722A79294800CD5B67 /* Products */;
			projectDirPath = "";
			projectRoot = "";
			targets = (
				C393EC702A79294800CD5B67 /* ALM APP Dem0 */,
				C393EC802A79294D00CD5B67 /* ALM APP Dem0Tests */,
				C393EC8A2A79294D00CD5B67 /* ALM APP Dem0UITests */,
			);
		};
/* End PBXProject section */

/* Begin PBXResourcesBuildPhase section */
		C393EC6F2A79294800CD5B67 /* Resources */ = {
			isa = PBXResourcesBuildPhase;
			buildActionMask = 2147483647;
			files = (
				C393EC7C2A79294C00CD5B67 /* Preview Assets.xcassets in Resources */,
				C393EC792A79294C00CD5B67 /* Assets.xcassets in Resources */,
			);
			runOnlyForDeploymentPostprocessing = 0;
		};
		C393EC7F2A79294D00CD5B67 /* Resources */ = {
			isa = PBXResourcesBuildPhase;
			buildActionMask = 2147483647;
			files = (
			);
			runOnlyForDeploymentPostprocessing = 0;
		};
		C393EC892A79294D00CD5B67 /* Resources */ = {
			isa = PBXResourcesBuildPhase;
			buildActionMask = 2147483647;
			files = (
			);
			runOnlyForDeploymentPostprocessing = 0;
		};
/* End PBXResourcesBuildPhase section */

/* Begin PBXSourcesBuildPhase section */
		C393EC6D2A79294800CD5B67 /* Sources */ = {
			isa = PBXSourcesBuildPhase;
			buildActionMask = 2147483647;
			files = (
				C393EC772A79294800CD5B67 /* ContentView.swift in Sources */,
				C393EC752A79294800CD5B67 /* ALM_APP_Dem0App.swift in Sources */,
			);
			runOnlyForDeploymentPostprocessing = 0;
		};
		C393EC7D2A79294D00CD5B67 /* Sources */ = {
			isa = PBXSourcesBuildPhase;
			buildActionMask = 2147483647;
			files = (
				C393EC862A79294D00CD5B67 /* ALM_APP_Dem0Tests.swift in Sources */,
			);
			runOnlyForDeploymentPostprocessing = 0;
		};
		C393EC872A79294D00CD5B67 /* Sources */ = {
			isa = PBXSourcesBuildPhase;
			buildActionMask = 2147483647;
			files = (
				C393EC902A79294D00CD5B67 /* ALM_APP_Dem0UITests.swift in Sources */,
				C393EC922A79294D00CD5B67 /* ALM_APP_Dem0UITestsLaunchTests.swift in Sources */,
			);
			runOnlyForDeploymentPostprocessing = 0;
		};
/* End PBXSourcesBuildPhase section */

/* Begin PBXTargetDependency section */
		C393EC832A79294D00CD5B67 /* PBXTargetDependency */ = {
			isa = PBXTargetDependency;
			target = C393EC702A79294800CD5B67 /* ALM APP Dem0 */;
			targetProxy = C393EC822A79294D00CD5B67 /* PBXContainerItemProxy */;
		};
		C393EC8D2A79294D00CD5B67 /* PBXTargetDependency */ = {
			isa = PBXTargetDependency;
			target = C393EC702A79294800CD5B67 /* ALM APP Dem0 */;
			targetProxy = C393EC8C2A79294D00CD5B67 /* PBXContainerItemProxy */;
		};
/* End PBXTargetDependency section */

/* Begin XCBuildConfiguration section */
		C393EC932A79294D00CD5B67 /* Debug */ = {
			isa = XCBuildConfiguration;
			buildSettings = {
				ALWAYS_SEARCH_USER_PATHS = NO;
				CLANG_ANALYZER_NONNULL = YES;
				CLANG_ANALYZER_NUMBER_OBJECT_CONVERSION = YES_AGGRESSIVE;
				CLANG_CXX_LANGUAGE_STANDARD = "gnu++20";
				CLANG_ENABLE_MODULES = YES;
				CLANG_ENABLE_OBJC_ARC = YES;
				CLANG_ENABLE_OBJC_WEAK = YES;
				CLANG_WARN_BLOCK_CAPTURE_AUTORELEASING = YES;
				CLANG_WARN_BOOL_CONVERSION = YES;
				CLANG_WARN_COMMA = YES;
				CLANG_WARN_CONSTANT_CONVERSION = YES;
				CLANG_WARN_DEPRECATED_OBJC_IMPLEMENTATIONS = YES;
				CLANG_WARN_DIRECT_OBJC_ISA_USAGE = YES_ERROR;
				CLANG_WARN_DOCUMENTATION_COMMENTS = YES;
				CLANG_WARN_EMPTY_BODY = YES;
				CLANG_WARN_ENUM_CONVERSION = YES;
				CLANG_WARN_INFINITE_RECURSION = YES;
				CLANG_WARN_INT_CONVERSION = YES;
				CLANG_WARN_NON_LITERAL_NULL_CONVERSION = YES;
				CLANG_WARN_OBJC_IMPLICIT_RETAIN_SELF = YES;
				CLANG_WARN_OBJC_LITERAL_CONVERSION = YES;
				CLANG_WARN_OBJC_ROOT_CLASS = YES_ERROR;
				CLANG_WARN_QUOTED_INCLUDE_IN_FRAMEWORK_HEADER = YES;
				CLANG_WARN_RANGE_LOOP_ANALYSIS = YES;
				CLANG_WARN_STRICT_PROTOTYPES = YES;
				CLANG_WARN_SUSPICIOUS_MOVE = YES;
				CLANG_WARN_UNGUARDED_AVAILABILITY = YES_AGGRESSIVE;
				CLANG_WARN_UNREACHABLE_CODE = YES;
				CLANG_WARN__DUPLICATE_METHOD_MATCH = YES;
				COPY_PHASE_STRIP = NO;
				DEBUG_INFORMATION_FORMAT = dwarf;
				ENABLE_STRICT_OBJC_MSGSEND = YES;
				ENABLE_TESTABILITY = YES;
				GCC_C_LANGUAGE_STANDARD = gnu11;
				GCC_DYNAMIC_NO_PIC = NO;
				GCC_NO_COMMON_BLOCKS = YES;
				GCC_OPTIMIZATION_LEVEL = 0;
				GCC_PREPROCESSOR_DEFINITIONS = (
					"DEBUG=1",
					"$(inherited)",
				);
				GCC_WARN_64_TO_32_BIT_CONVERSION = YES;
				GCC_WARN_ABOUT_RETURN_TYPE = YES_ERROR;
				GCC_WARN_UNDECLARED_SELECTOR = YES;
				GCC_WARN_UNINITIALIZED_AUTOS = YES_AGGRESSIVE;
				GCC_WARN_UNUSED_FUNCTION = YES;
				GCC_WARN_UNUSED_VARIABLE = YES;
				IPHONEOS_DEPLOYMENT_TARGET = 16.4;
				MTL_ENABLE_DEBUG_INFO = INCLUDE_SOURCE;
				MTL_FAST_MATH = YES;
				ONLY_ACTIVE_ARCH = YES;
				SDKROOT = iphoneos;
				SWIFT_ACTIVE_COMPILATION_CONDITIONS = DEBUG;
				SWIFT_OPTIMIZATION_LEVEL = "-Onone";
			};
			name = Debug;
		};
		C393EC942A79294D00CD5B67 /* Release */ = {
			isa = XCBuildConfiguration;
			buildSettings = {
				ALWAYS_SEARCH_USER_PATHS = NO;
				CLANG_ANALYZER_NONNULL = YES;
				CLANG_ANALYZER_NUMBER_OBJECT_CONVERSION = YES_AGGRESSIVE;
				CLANG_CXX_LANGUAGE_STANDARD = "gnu++20";
				CLANG_ENABLE_MODULES = YES;
				CLANG_ENABLE_OBJC_ARC = YES;
				CLANG_ENABLE_OBJC_WEAK = YES;
				CLANG_WARN_BLOCK_CAPTURE_AUTORELEASING = YES;
				CLANG_WARN_BOOL_CONVERSION = YES;
				CLANG_WARN_COMMA = YES;
				CLANG_WARN_CONSTANT_CONVERSION = YES;
				CLANG_WARN_DEPRECATED_OBJC_IMPLEMENTATIONS = YES;
				CLANG_WARN_DIRECT_OBJC_ISA_USAGE = YES_ERROR;
				CLANG_WARN_DOCUMENTATION_COMMENTS = YES;
				CLANG_WARN_EMPTY_BODY = YES;
				CLANG_WARN_ENUM_CONVERSION = YES;
				CLANG_WARN_INFINITE_RECURSION = YES;
				CLANG_WARN_INT_CONVERSION = YES;
				CLANG_WARN_NON_LITERAL_NULL_CONVERSION = YES;
				CLANG_WARN_OBJC_IMPLICIT_RETAIN_SELF = YES;
				CLANG_WARN_OBJC_LITERAL_CONVERSION = YES;
				CLANG_WARN_OBJC_ROOT_CLASS = YES_ERROR;
				CLANG_WARN_QUOTED_INCLUDE_IN_FRAMEWORK_HEADER = YES;
				CLANG_WARN_RANGE_LOOP_ANALYSIS = YES;
				CLANG_WARN_STRICT_PROTOTYPES = YES;
				CLANG_WARN_SUSPICIOUS_MOVE = YES;
				CLANG_WARN_UNGUARDED_AVAILABILITY = YES_AGGRESSIVE;
				CLANG_WARN_UNREACHABLE_CODE = YES;
				CLANG_WARN__DUPLICATE_METHOD_MATCH = YES;
				COPY_PHASE_STRIP = NO;
				DEBUG_INFORMATION_FORMAT = "dwarf-with-dsym";
				ENABLE_NS_ASSERTIONS = NO;
				ENABLE_STRICT_OBJC_MSGSEND = YES;
				GCC_C_LANGUAGE_STANDARD = gnu11;
				GCC_NO_COMMON_BLOCKS = YES;
				GCC_WARN_64_TO_32_BIT_CONVERSION = YES;
				GCC_WARN_ABOUT_RETURN_TYPE = YES_ERROR;
				GCC_WARN_UNDECLARED_SELECTOR = YES;
				GCC_WARN_UNINITIALIZED_AUTOS = YES_AGGRESSIVE;
				GCC_WARN_UNUSED_FUNCTION = YES;
				GCC_WARN_UNUSED_VARIABLE = YES;
				IPHONEOS_DEPLOYMENT_TARGET = 16.4;
				MTL_ENABLE_DEBUG_INFO = NO;
				MTL_FAST_MATH = YES;
				SDKROOT = iphoneos;
				SWIFT_COMPILATION_MODE = wholemodule;
				SWIFT_OPTIMIZATION_LEVEL = "-O";
				VALIDATE_PRODUCT = YES;
			};
			name = Release;
		};
		C393EC962A79294D00CD5B67 /* Debug */ = {
			isa = XCBuildConfiguration;
			buildSettings = {
				ASSETCATALOG_COMPILER_APPICON_NAME = AppIcon;
				ASSETCATALOG_COMPILER_GLOBAL_ACCENT_COLOR_NAME = AccentColor;
				CODE_SIGN_STYLE = Automatic;
				CURRENT_PROJECT_VERSION = 1;
				DEVELOPMENT_ASSET_PATHS = "\"ALM APP Dem0/Preview Content\"";
				ENABLE_PREVIEWS = YES;
				GENERATE_INFOPLIST_FILE = YES;
				INFOPLIST_KEY_UIApplicationSceneManifest_Generation = YES;
				INFOPLIST_KEY_UIApplicationSupportsIndirectInputEvents = YES;
				INFOPLIST_KEY_UILaunchScreen_Generation = YES;
				INFOPLIST_KEY_UISupportedInterfaceOrientations_iPad = "UIInterfaceOrientationPortrait UIInterfaceOrientationPortraitUpsideDown UIInterfaceOrientationLandscapeLeft UIInterfaceOrientationLandscapeRight";
				INFOPLIST_KEY_UISupportedInterfaceOrientations_iPhone = "UIInterfaceOrientationPortrait UIInterfaceOrientationLandscapeLeft UIInterfaceOrientationLandscapeRight";
				LD_RUNPATH_SEARCH_PATHS = (
					"$(inherited)",
					"@executable_path/Frameworks",
				);
				MARKETING_VERSION = 1.0;
				PRODUCT_BUNDLE_IDENTIFIER = "almapp.cybage.com.ALM-APP-Dem0";
				PRODUCT_NAME = "$(TARGET_NAME)";
				SWIFT_EMIT_LOC_STRINGS = YES;
				SWIFT_VERSION = 5.0;
				TARGETED_DEVICE_FAMILY = "1,2";
			};
			name = Debug;
		};
		C393EC972A79294D00CD5B67 /* Release */ = {
			isa = XCBuildConfiguration;
			buildSettings = {
				ASSETCATALOG_COMPILER_APPICON_NAME = AppIcon;
				ASSETCATALOG_COMPILER_GLOBAL_ACCENT_COLOR_NAME = AccentColor;
				CODE_SIGN_STYLE = Automatic;
				CURRENT_PROJECT_VERSION = 1;
				DEVELOPMENT_ASSET_PATHS = "\"ALM APP Dem0/Preview Content\"";
				ENABLE_PREVIEWS = YES;
				GENERATE_INFOPLIST_FILE = YES;
				INFOPLIST_KEY_UIApplicationSceneManifest_Generation = YES;
				INFOPLIST_KEY_UIApplicationSupportsIndirectInputEvents = YES;
				INFOPLIST_KEY_UILaunchScreen_Generation = YES;
				INFOPLIST_KEY_UISupportedInterfaceOrientations_iPad = "UIInterfaceOrientationPortrait UIInterfaceOrientationPortraitUpsideDown UIInterfaceOrientationLandscapeLeft UIInterfaceOrientationLandscapeRight";
				INFOPLIST_KEY_UISupportedInterfaceOrientations_iPhone = "UIInterfaceOrientationPortrait UIInterfaceOrientationLandscapeLeft UIInterfaceOrientationLandscapeRight";
				LD_RUNPATH_SEARCH_PATHS = (
					"$(inherited)",
					"@executable_path/Frameworks",
				);
				MARKETING_VERSION = 1.0;
				PRODUCT_BUNDLE_IDENTIFIER = "almapp.cybage.com.ALM-APP-Dem0";
				PRODUCT_NAME = "$(TARGET_NAME)";
				SWIFT_EMIT_LOC_STRINGS = YES;
				SWIFT_VERSION = 5.0;
				TARGETED_DEVICE_FAMILY = "1,2";
			};
			name = Release;
		};
		C393EC992A79294D00CD5B67 /* Debug */ = {
			isa = XCBuildConfiguration;
			buildSettings = {
				ALWAYS_EMBED_SWIFT_STANDARD_LIBRARIES = YES;
				BUNDLE_LOADER = "$(TEST_HOST)";
				CODE_SIGN_STYLE = Automatic;
				CURRENT_PROJECT_VERSION = 1;
				GENERATE_INFOPLIST_FILE = YES;
				IPHONEOS_DEPLOYMENT_TARGET = 16.4;
				MARKETING_VERSION = 1.0;
				PRODUCT_BUNDLE_IDENTIFIER = "almapp.cybage.com.ALM-APP-Dem0Tests";
				PRODUCT_NAME = "$(TARGET_NAME)";
				SWIFT_EMIT_LOC_STRINGS = NO;
				SWIFT_VERSION = 5.0;
				TARGETED_DEVICE_FAMILY = "1,2";
				TEST_HOST = "$(BUILT_PRODUCTS_DIR)/ALM APP Dem0.app/$(BUNDLE_EXECUTABLE_FOLDER_PATH)/ALM APP Dem0";
			};
			name = Debug;
		};
		C393EC9A2A79294D00CD5B67 /* Release */ = {
			isa = XCBuildConfiguration;
			buildSettings = {
				ALWAYS_EMBED_SWIFT_STANDARD_LIBRARIES = YES;
				BUNDLE_LOADER = "$(TEST_HOST)";
				CODE_SIGN_STYLE = Automatic;
				CURRENT_PROJECT_VERSION = 1;
				GENERATE_INFOPLIST_FILE = YES;
				IPHONEOS_DEPLOYMENT_TARGET = 16.4;
				MARKETING_VERSION = 1.0;
				PRODUCT_BUNDLE_IDENTIFIER = "almapp.cybage.com.ALM-APP-Dem0Tests";
				PRODUCT_NAME = "$(TARGET_NAME)";
				SWIFT_EMIT_LOC_STRINGS = NO;
				SWIFT_VERSION = 5.0;
				TARGETED_DEVICE_FAMILY = "1,2";
				TEST_HOST = "$(BUILT_PRODUCTS_DIR)/ALM APP Dem0.app/$(BUNDLE_EXECUTABLE_FOLDER_PATH)/ALM APP Dem0";
			};
			name = Release;
		};
		C393EC9C2A79294D00CD5B67 /* Debug */ = {
			isa = XCBuildConfiguration;
			buildSettings = {
				ALWAYS_EMBED_SWIFT_STANDARD_LIBRARIES = YES;
				CODE_SIGN_STYLE = Automatic;
				CURRENT_PROJECT_VERSION = 1;
				GENERATE_INFOPLIST_FILE = YES;
				MARKETING_VERSION = 1.0;
				PRODUCT_BUNDLE_IDENTIFIER = "almapp.cybage.com.ALM-APP-Dem0UITests";
				PRODUCT_NAME = "$(TARGET_NAME)";
				SWIFT_EMIT_LOC_STRINGS = NO;
				SWIFT_VERSION = 5.0;
				TARGETED_DEVICE_FAMILY = "1,2";
				TEST_TARGET_NAME = "ALM APP Dem0";
			};
			name = Debug;
		};
		C393EC9D2A79294D00CD5B67 /* Release */ = {
			isa = XCBuildConfiguration;
			buildSettings = {
				ALWAYS_EMBED_SWIFT_STANDARD_LIBRARIES = YES;
				CODE_SIGN_STYLE = Automatic;
				CURRENT_PROJECT_VERSION = 1;
				GENERATE_INFOPLIST_FILE = YES;
				MARKETING_VERSION = 1.0;
				PRODUCT_BUNDLE_IDENTIFIER = "almapp.cybage.com.ALM-APP-Dem0UITests";
				PRODUCT_NAME = "$(TARGET_NAME)";
				SWIFT_EMIT_LOC_STRINGS = NO;
				SWIFT_VERSION = 5.0;
				TARGETED_DEVICE_FAMILY = "1,2";
				TEST_TARGET_NAME = "ALM APP Dem0";
			};
			name = Release;
		};
/* End XCBuildConfiguration section */

/* Begin XCConfigurationList section */
		C393EC6C2A79294800CD5B67 /* Build configuration list for PBXProject "ALM APP Dem0" */ = {
			isa = XCConfigurationList;
			buildConfigurations = (
				C393EC932A79294D00CD5B67 /* Debug */,
				C393EC942A79294D00CD5B67 /* Release */,
			);
			defaultConfigurationIsVisible = 0;
			defaultConfigurationName = Release;
		};
		C393EC952A79294D00CD5B67 /* Build configuration list for PBXNativeTarget "ALM APP Dem0" */ = {
			isa = XCConfigurationList;
			buildConfigurations = (
				C393EC962A79294D00CD5B67 /* Debug */,
				C393EC972A79294D00CD5B67 /* Release */,
			);
			defaultConfigurationIsVisible = 0;
			defaultConfigurationName = Release;
		};
		C393EC982A79294D00CD5B67 /* Build configuration list for PBXNativeTarget "ALM APP Dem0Tests" */ = {
			isa = XCConfigurationList;
			buildConfigurations = (
				C393EC992A79294D00CD5B67 /* Debug */,
				C393EC9A2A79294D00CD5B67 /* Release */,
			);
			defaultConfigurationIsVisible = 0;
			defaultConfigurationName = Release;
		};
		C393EC9B2A79294D00CD5B67 /* Build configuration list for PBXNativeTarget "ALM APP Dem0UITests" */ = {
			isa = XCConfigurationList;
			buildConfigurations = (
				C393EC9C2A79294D00CD5B67 /* Debug */,
				C393EC9D2A79294D00CD5B67 /* Release */,
			);
			defaultConfigurationIsVisible = 0;
			defaultConfigurationName = Release;
		};
/* End XCConfigurationList section */
	};
	rootObject = C393EC692A79294800CD5B67 /* Project object */;
}
